
Microsoft Visual Studio Solution File, Format Version 12.00
# Visual Studio 15
VisualStudioVersion = 15.0.27004.2009
MinimumVisualStudioVersion = 10.0.40219.1
Project("{8BC9CEB8-8B4A-11D0-8D11-00A0C91BC942}") = "0404_MFC_Practice", "0404_MFC_Practice\0404_MFC_Practice.vcxproj", "{4BC9F0CD-B3A7-4E8D-89B0-6BA151777687}"
EndProject
Global
	GlobalSection(SolutionConfigurationPlatforms) = preSolution
		Debug|x64 = Debug|x64
		Debug|x86 = Debug|x86
		Release|x64 = Release|x64
		Release|x86 = Release|x86
	EndGlobalSection
	GlobalSection(ProjectConfigurationPlatforms) = postSolution
		{4BC9F0CD-B3A7-4E8D-89B0-6BA151777687}.Debug|x64.ActiveCfg = Debug|x64
		{4BC9F0CD-B3A7-4E8D-89B0-6BA151777687}.Debug|x64.Build.0 = Debug|x64
		{4BC9F0CD-B3A7-4E8D-89B0-6BA151777687}.Debug|x86.ActiveCfg = Debug|Win32
		{4BC9F0CD-B3A7-4E8D-89B0-6BA151777687}.Debug|x86.Build.0 = Debug|Win32
		{4BC9F0CD-B3A7-4E8D-89B0-6BA151777687}.Release|x64.ActiveCfg = Release|x64
		{4BC9F0CD-B3A7-4E8D-89B0-6BA151777687}.Release|x64.Build.0 = Release|x64
		{4BC9F0CD-B3A7-4E8D-89B0-6BA151777687}.Release|x86.ActiveCfg = Release|Win32
		{4BC9F0CD-B3A7-4E8D-89B0-6BA151777687}.Release|x86.Build.0 = Release|Win32
	EndGlobalSection
	GlobalSection(SolutionProperties) = preSolution
		HideSolutionNode = FALSE
	EndGlobalSection
	GlobalSection(ExtensibilityGlobals) = postSolution
		SolutionGuid = {2D12D733-CD21-48A9-A4B9-9367C9D059F8}
	EndGlobalSection
EndGlobal
