
Microsoft Visual Studio Solution File, Format Version 12.00
# Visual Studio 15
VisualStudioVersion = 15.0.27004.2009
MinimumVisualStudioVersion = 10.0.40219.1
Project("{8BC9CEB8-8B4A-11D0-8D11-00A0C91BC942}") = "0322_파일 서버클라전송", "0322_파일 서버클라전송\0322_파일 서버클라전송.vcxproj", "{928BA18A-2AFB-49FF-BF2C-C8F6811A148E}"
EndProject
Global
	GlobalSection(SolutionConfigurationPlatforms) = preSolution
		Debug|x64 = Debug|x64
		Debug|x86 = Debug|x86
		Release|x64 = Release|x64
		Release|x86 = Release|x86
	EndGlobalSection
	GlobalSection(ProjectConfigurationPlatforms) = postSolution
		{928BA18A-2AFB-49FF-BF2C-C8F6811A148E}.Debug|x64.ActiveCfg = Debug|x64
		{928BA18A-2AFB-49FF-BF2C-C8F6811A148E}.Debug|x64.Build.0 = Debug|x64
		{928BA18A-2AFB-49FF-BF2C-C8F6811A148E}.Debug|x86.ActiveCfg = Debug|Win32
		{928BA18A-2AFB-49FF-BF2C-C8F6811A148E}.Debug|x86.Build.0 = Debug|Win32
		{928BA18A-2AFB-49FF-BF2C-C8F6811A148E}.Release|x64.ActiveCfg = Release|x64
		{928BA18A-2AFB-49FF-BF2C-C8F6811A148E}.Release|x64.Build.0 = Release|x64
		{928BA18A-2AFB-49FF-BF2C-C8F6811A148E}.Release|x86.ActiveCfg = Release|Win32
		{928BA18A-2AFB-49FF-BF2C-C8F6811A148E}.Release|x86.Build.0 = Release|Win32
	EndGlobalSection
	GlobalSection(SolutionProperties) = preSolution
		HideSolutionNode = FALSE
	EndGlobalSection
	GlobalSection(ExtensibilityGlobals) = postSolution
		SolutionGuid = {2B04B1A9-FAD7-4EBD-9208-BA6A798D1A8C}
	EndGlobalSection
EndGlobal
