
Microsoft Visual Studio Solution File, Format Version 12.00
# Visual Studio 15
VisualStudioVersion = 15.0.27703.2000
MinimumVisualStudioVersion = 10.0.40219.1
Project("{FAE04EC0-301F-11D3-BF4B-00C04F79EFBC}") = "ChatingClientWPF_0510", "ChatingClientWPF_0510\ChatingClientWPF_0510.csproj", "{513C824B-8A39-41D8-BD19-C6071F64DBC4}"
EndProject
Global
	GlobalSection(SolutionConfigurationPlatforms) = preSolution
		Debug|Any CPU = Debug|Any CPU
		Release|Any CPU = Release|Any CPU
	EndGlobalSection
	GlobalSection(ProjectConfigurationPlatforms) = postSolution
		{513C824B-8A39-41D8-BD19-C6071F64DBC4}.Debug|Any CPU.ActiveCfg = Debug|Any CPU
		{513C824B-8A39-41D8-BD19-C6071F64DBC4}.Debug|Any CPU.Build.0 = Debug|Any CPU
		{513C824B-8A39-41D8-BD19-C6071F64DBC4}.Release|Any CPU.ActiveCfg = Release|Any CPU
		{513C824B-8A39-41D8-BD19-C6071F64DBC4}.Release|Any CPU.Build.0 = Release|Any CPU
	EndGlobalSection
	GlobalSection(SolutionProperties) = preSolution
		HideSolutionNode = FALSE
	EndGlobalSection
	GlobalSection(ExtensibilityGlobals) = postSolution
		SolutionGuid = {29047CB3-C62A-4543-9F56-15CE774D9354}
	EndGlobalSection
EndGlobal
