
Microsoft Visual Studio Solution File, Format Version 12.00
# Visual Studio 15
VisualStudioVersion = 15.0.27703.2000
MinimumVisualStudioVersion = 10.0.40219.1
Project("{888888A0-9F3D-457C-B088-3A5042F75D52}") = "0525Test", "0525Test\0525Test.pyproj", "{81EF1A24-967A-4824-8261-36CD27100EA8}"
EndProject
Global
	GlobalSection(SolutionConfigurationPlatforms) = preSolution
		Debug|Any CPU = Debug|Any CPU
		Release|Any CPU = Release|Any CPU
	EndGlobalSection
	GlobalSection(ProjectConfigurationPlatforms) = postSolution
		{81EF1A24-967A-4824-8261-36CD27100EA8}.Debug|Any CPU.ActiveCfg = Debug|Any CPU
		{81EF1A24-967A-4824-8261-36CD27100EA8}.Release|Any CPU.ActiveCfg = Release|Any CPU
	EndGlobalSection
	GlobalSection(SolutionProperties) = preSolution
		HideSolutionNode = FALSE
	EndGlobalSection
	GlobalSection(ExtensibilityGlobals) = postSolution
		SolutionGuid = {218E5856-42A4-45E1-AEF9-E4297894C46E}
	EndGlobalSection
EndGlobal
