
Microsoft Visual Studio Solution File, Format Version 12.00
# Visual Studio 15
VisualStudioVersion = 15.0.27428.2027
MinimumVisualStudioVersion = 10.0.40219.1
Project("{FAE04EC0-301F-11D3-BF4B-00C04F79EFBC}") = "WinForm_0416", "WinForm_0416\WinForm_0416.csproj", "{11448B37-26CE-4F2F-ABAC-7A052AD096EB}"
EndProject
Global
	GlobalSection(SolutionConfigurationPlatforms) = preSolution
		Debug|Any CPU = Debug|Any CPU
		Release|Any CPU = Release|Any CPU
	EndGlobalSection
	GlobalSection(ProjectConfigurationPlatforms) = postSolution
		{11448B37-26CE-4F2F-ABAC-7A052AD096EB}.Debug|Any CPU.ActiveCfg = Debug|Any CPU
		{11448B37-26CE-4F2F-ABAC-7A052AD096EB}.Debug|Any CPU.Build.0 = Debug|Any CPU
		{11448B37-26CE-4F2F-ABAC-7A052AD096EB}.Release|Any CPU.ActiveCfg = Release|Any CPU
		{11448B37-26CE-4F2F-ABAC-7A052AD096EB}.Release|Any CPU.Build.0 = Release|Any CPU
	EndGlobalSection
	GlobalSection(SolutionProperties) = preSolution
		HideSolutionNode = FALSE
	EndGlobalSection
	GlobalSection(ExtensibilityGlobals) = postSolution
		SolutionGuid = {BBCCF53E-5DA4-446C-A236-A41AA21AD430}
	EndGlobalSection
EndGlobal
