
Microsoft Visual Studio Solution File, Format Version 12.00
# Visual Studio 15
VisualStudioVersion = 15.0.27004.2009
MinimumVisualStudioVersion = 10.0.40219.1
Project("{8BC9CEB8-8B4A-11D0-8D11-00A0C91BC942}") = "0316Test", "0316Test\0316Test.vcxproj", "{F39104C9-0363-42B9-A20F-E54B836F3305}"
EndProject
Global
	GlobalSection(SolutionConfigurationPlatforms) = preSolution
		Debug|x64 = Debug|x64
		Debug|x86 = Debug|x86
		Release|x64 = Release|x64
		Release|x86 = Release|x86
	EndGlobalSection
	GlobalSection(ProjectConfigurationPlatforms) = postSolution
		{F39104C9-0363-42B9-A20F-E54B836F3305}.Debug|x64.ActiveCfg = Debug|x64
		{F39104C9-0363-42B9-A20F-E54B836F3305}.Debug|x64.Build.0 = Debug|x64
		{F39104C9-0363-42B9-A20F-E54B836F3305}.Debug|x86.ActiveCfg = Debug|Win32
		{F39104C9-0363-42B9-A20F-E54B836F3305}.Debug|x86.Build.0 = Debug|Win32
		{F39104C9-0363-42B9-A20F-E54B836F3305}.Release|x64.ActiveCfg = Release|x64
		{F39104C9-0363-42B9-A20F-E54B836F3305}.Release|x64.Build.0 = Release|x64
		{F39104C9-0363-42B9-A20F-E54B836F3305}.Release|x86.ActiveCfg = Release|Win32
		{F39104C9-0363-42B9-A20F-E54B836F3305}.Release|x86.Build.0 = Release|Win32
	EndGlobalSection
	GlobalSection(SolutionProperties) = preSolution
		HideSolutionNode = FALSE
	EndGlobalSection
	GlobalSection(ExtensibilityGlobals) = postSolution
		SolutionGuid = {C517D61E-DBA7-4818-8E6A-66E2AB197E0C}
	EndGlobalSection
EndGlobal
