
Microsoft Visual Studio Solution File, Format Version 12.00
# Visual Studio 15
VisualStudioVersion = 15.0.27428.2027
MinimumVisualStudioVersion = 10.0.40219.1
Project("{FAE04EC0-301F-11D3-BF4B-00C04F79EFBC}") = "WinForm_0417", "WinForm_0417\WinForm_0417.csproj", "{386938A7-35C9-4F02-B76D-62BC095C7D07}"
EndProject
Global
	GlobalSection(SolutionConfigurationPlatforms) = preSolution
		Debug|Any CPU = Debug|Any CPU
		Release|Any CPU = Release|Any CPU
	EndGlobalSection
	GlobalSection(ProjectConfigurationPlatforms) = postSolution
		{386938A7-35C9-4F02-B76D-62BC095C7D07}.Debug|Any CPU.ActiveCfg = Debug|Any CPU
		{386938A7-35C9-4F02-B76D-62BC095C7D07}.Debug|Any CPU.Build.0 = Debug|Any CPU
		{386938A7-35C9-4F02-B76D-62BC095C7D07}.Release|Any CPU.ActiveCfg = Release|Any CPU
		{386938A7-35C9-4F02-B76D-62BC095C7D07}.Release|Any CPU.Build.0 = Release|Any CPU
	EndGlobalSection
	GlobalSection(SolutionProperties) = preSolution
		HideSolutionNode = FALSE
	EndGlobalSection
	GlobalSection(ExtensibilityGlobals) = postSolution
		SolutionGuid = {33B6920A-C316-495F-A015-10E74F80323C}
	EndGlobalSection
EndGlobal
