
Microsoft Visual Studio Solution File, Format Version 12.00
# Visual Studio 15
VisualStudioVersion = 15.0.27703.2000
MinimumVisualStudioVersion = 10.0.40219.1
Project("{9A19103F-16F7-4668-BE54-9A1E7A4F7556}") = "GcpProject1_0514", "GcpProject1_0514.csproj", "{EA341598-1EAB-4B77-A329-E623C47C144F}"
EndProject
Global
	GlobalSection(SolutionConfigurationPlatforms) = preSolution
		Debug|Any CPU = Debug|Any CPU
		Release|Any CPU = Release|Any CPU
	EndGlobalSection
	GlobalSection(ProjectConfigurationPlatforms) = postSolution
		{EA341598-1EAB-4B77-A329-E623C47C144F}.Debug|Any CPU.ActiveCfg = Debug|Any CPU
		{EA341598-1EAB-4B77-A329-E623C47C144F}.Debug|Any CPU.Build.0 = Debug|Any CPU
		{EA341598-1EAB-4B77-A329-E623C47C144F}.Release|Any CPU.ActiveCfg = Release|Any CPU
		{EA341598-1EAB-4B77-A329-E623C47C144F}.Release|Any CPU.Build.0 = Release|Any CPU
	EndGlobalSection
	GlobalSection(SolutionProperties) = preSolution
		HideSolutionNode = FALSE
	EndGlobalSection
	GlobalSection(ExtensibilityGlobals) = postSolution
		SolutionGuid = {1B287797-67C5-419D-B7D7-D0D95B00C862}
	EndGlobalSection
EndGlobal
