
Microsoft Visual Studio Solution File, Format Version 12.00
# Visual Studio 15
VisualStudioVersion = 15.0.27428.2027
MinimumVisualStudioVersion = 10.0.40219.1
Project("{FAE04EC0-301F-11D3-BF4B-00C04F79EFBC}") = "Bank_Client_WPF_0509", "Bank_Client_WPF_0509\Bank_Client_WPF_0509.csproj", "{E6CDA2D1-E0EB-4E5B-BD1D-76C18B7FBF75}"
EndProject
Global
	GlobalSection(SolutionConfigurationPlatforms) = preSolution
		Debug|Any CPU = Debug|Any CPU
		Release|Any CPU = Release|Any CPU
	EndGlobalSection
	GlobalSection(ProjectConfigurationPlatforms) = postSolution
		{E6CDA2D1-E0EB-4E5B-BD1D-76C18B7FBF75}.Debug|Any CPU.ActiveCfg = Debug|Any CPU
		{E6CDA2D1-E0EB-4E5B-BD1D-76C18B7FBF75}.Debug|Any CPU.Build.0 = Debug|Any CPU
		{E6CDA2D1-E0EB-4E5B-BD1D-76C18B7FBF75}.Release|Any CPU.ActiveCfg = Release|Any CPU
		{E6CDA2D1-E0EB-4E5B-BD1D-76C18B7FBF75}.Release|Any CPU.Build.0 = Release|Any CPU
	EndGlobalSection
	GlobalSection(SolutionProperties) = preSolution
		HideSolutionNode = FALSE
	EndGlobalSection
	GlobalSection(ExtensibilityGlobals) = postSolution
		SolutionGuid = {97383ACD-3AE0-498F-9561-AAA5D4EC61CD}
	EndGlobalSection
EndGlobal
