
Microsoft Visual Studio Solution File, Format Version 12.00
# Visual Studio 15
VisualStudioVersion = 15.0.27428.2027
MinimumVisualStudioVersion = 10.0.40219.1
Project("{FAE04EC0-301F-11D3-BF4B-00C04F79EFBC}") = "WinFromGrapgics_0416", "WinFromGrapgics_0416\WinFromGrapgics_0416.csproj", "{4566F695-34F9-46B6-AAB7-56E66D9B0C3B}"
EndProject
Global
	GlobalSection(SolutionConfigurationPlatforms) = preSolution
		Debug|Any CPU = Debug|Any CPU
		Release|Any CPU = Release|Any CPU
	EndGlobalSection
	GlobalSection(ProjectConfigurationPlatforms) = postSolution
		{4566F695-34F9-46B6-AAB7-56E66D9B0C3B}.Debug|Any CPU.ActiveCfg = Debug|Any CPU
		{4566F695-34F9-46B6-AAB7-56E66D9B0C3B}.Debug|Any CPU.Build.0 = Debug|Any CPU
		{4566F695-34F9-46B6-AAB7-56E66D9B0C3B}.Release|Any CPU.ActiveCfg = Release|Any CPU
		{4566F695-34F9-46B6-AAB7-56E66D9B0C3B}.Release|Any CPU.Build.0 = Release|Any CPU
	EndGlobalSection
	GlobalSection(SolutionProperties) = preSolution
		HideSolutionNode = FALSE
	EndGlobalSection
	GlobalSection(ExtensibilityGlobals) = postSolution
		SolutionGuid = {95F8FE0F-7819-4B2C-B4D5-91961B05AE51}
	EndGlobalSection
EndGlobal
