
Microsoft Visual Studio Solution File, Format Version 12.00
# Visual Studio 15
VisualStudioVersion = 15.0.27004.2009
MinimumVisualStudioVersion = 10.0.40219.1
Project("{8BC9CEB8-8B4A-11D0-8D11-00A0C91BC942}") = "0313_API_현재실행하는프로세스검색출력", "0313_API_현재실행하는프로세스검색출력\0313_API_현재실행하는프로세스검색출력.vcxproj", "{7EBE15E9-50DE-4ADD-B55F-64E19D0EB03B}"
EndProject
Global
	GlobalSection(SolutionConfigurationPlatforms) = preSolution
		Debug|x64 = Debug|x64
		Debug|x86 = Debug|x86
		Release|x64 = Release|x64
		Release|x86 = Release|x86
	EndGlobalSection
	GlobalSection(ProjectConfigurationPlatforms) = postSolution
		{7EBE15E9-50DE-4ADD-B55F-64E19D0EB03B}.Debug|x64.ActiveCfg = Debug|x64
		{7EBE15E9-50DE-4ADD-B55F-64E19D0EB03B}.Debug|x64.Build.0 = Debug|x64
		{7EBE15E9-50DE-4ADD-B55F-64E19D0EB03B}.Debug|x86.ActiveCfg = Debug|Win32
		{7EBE15E9-50DE-4ADD-B55F-64E19D0EB03B}.Debug|x86.Build.0 = Debug|Win32
		{7EBE15E9-50DE-4ADD-B55F-64E19D0EB03B}.Release|x64.ActiveCfg = Release|x64
		{7EBE15E9-50DE-4ADD-B55F-64E19D0EB03B}.Release|x64.Build.0 = Release|x64
		{7EBE15E9-50DE-4ADD-B55F-64E19D0EB03B}.Release|x86.ActiveCfg = Release|Win32
		{7EBE15E9-50DE-4ADD-B55F-64E19D0EB03B}.Release|x86.Build.0 = Release|Win32
	EndGlobalSection
	GlobalSection(SolutionProperties) = preSolution
		HideSolutionNode = FALSE
	EndGlobalSection
	GlobalSection(ExtensibilityGlobals) = postSolution
		SolutionGuid = {EB76D00C-17DF-4A3E-8A43-5BB259EE6036}
	EndGlobalSection
EndGlobal
