
Microsoft Visual Studio Solution File, Format Version 12.00
# Visual Studio 15
VisualStudioVersion = 15.0.27004.2009
MinimumVisualStudioVersion = 10.0.40219.1
Project("{8BC9CEB8-8B4A-11D0-8D11-00A0C91BC942}") = "0312_test1", "0312_test1\0312_test1.vcxproj", "{D1012A6B-D81D-4086-8EDD-E0D9187AF533}"
EndProject
Global
	GlobalSection(SolutionConfigurationPlatforms) = preSolution
		Debug|x64 = Debug|x64
		Debug|x86 = Debug|x86
		Release|x64 = Release|x64
		Release|x86 = Release|x86
	EndGlobalSection
	GlobalSection(ProjectConfigurationPlatforms) = postSolution
		{D1012A6B-D81D-4086-8EDD-E0D9187AF533}.Debug|x64.ActiveCfg = Debug|x64
		{D1012A6B-D81D-4086-8EDD-E0D9187AF533}.Debug|x64.Build.0 = Debug|x64
		{D1012A6B-D81D-4086-8EDD-E0D9187AF533}.Debug|x86.ActiveCfg = Debug|Win32
		{D1012A6B-D81D-4086-8EDD-E0D9187AF533}.Debug|x86.Build.0 = Debug|Win32
		{D1012A6B-D81D-4086-8EDD-E0D9187AF533}.Release|x64.ActiveCfg = Release|x64
		{D1012A6B-D81D-4086-8EDD-E0D9187AF533}.Release|x64.Build.0 = Release|x64
		{D1012A6B-D81D-4086-8EDD-E0D9187AF533}.Release|x86.ActiveCfg = Release|Win32
		{D1012A6B-D81D-4086-8EDD-E0D9187AF533}.Release|x86.Build.0 = Release|Win32
	EndGlobalSection
	GlobalSection(SolutionProperties) = preSolution
		HideSolutionNode = FALSE
	EndGlobalSection
	GlobalSection(ExtensibilityGlobals) = postSolution
		SolutionGuid = {C8E9F755-CFA6-4BC0-84AC-E97E8F58211F}
	EndGlobalSection
EndGlobal
