
Microsoft Visual Studio Solution File, Format Version 12.00
# Visual Studio 15
VisualStudioVersion = 15.0.27428.2027
MinimumVisualStudioVersion = 10.0.40219.1
Project("{FAE04EC0-301F-11D3-BF4B-00C04F79EFBC}") = "Thread_0416", "Thread_0416\Thread_0416.csproj", "{74499649-E774-4CFB-8AD3-EF7EB7BE2D13}"
EndProject
Global
	GlobalSection(SolutionConfigurationPlatforms) = preSolution
		Debug|Any CPU = Debug|Any CPU
		Release|Any CPU = Release|Any CPU
	EndGlobalSection
	GlobalSection(ProjectConfigurationPlatforms) = postSolution
		{74499649-E774-4CFB-8AD3-EF7EB7BE2D13}.Debug|Any CPU.ActiveCfg = Debug|Any CPU
		{74499649-E774-4CFB-8AD3-EF7EB7BE2D13}.Debug|Any CPU.Build.0 = Debug|Any CPU
		{74499649-E774-4CFB-8AD3-EF7EB7BE2D13}.Release|Any CPU.ActiveCfg = Release|Any CPU
		{74499649-E774-4CFB-8AD3-EF7EB7BE2D13}.Release|Any CPU.Build.0 = Release|Any CPU
	EndGlobalSection
	GlobalSection(SolutionProperties) = preSolution
		HideSolutionNode = FALSE
	EndGlobalSection
	GlobalSection(ExtensibilityGlobals) = postSolution
		SolutionGuid = {54BA2791-D458-4A23-899F-0C44330789DC}
	EndGlobalSection
EndGlobal
