
Microsoft Visual Studio Solution File, Format Version 12.00
# Visual Studio 15
VisualStudioVersion = 15.0.27428.2027
MinimumVisualStudioVersion = 10.0.40219.1
Project("{FAE04EC0-301F-11D3-BF4B-00C04F79EFBC}") = "WindowsFormsApp7", "WindowsFormsApp7\WindowsFormsApp7.csproj", "{B9FFD1B0-1301-4A5E-ABBA-4D5628BB7A31}"
EndProject
Global
	GlobalSection(SolutionConfigurationPlatforms) = preSolution
		Debug|Any CPU = Debug|Any CPU
		Release|Any CPU = Release|Any CPU
	EndGlobalSection
	GlobalSection(ProjectConfigurationPlatforms) = postSolution
		{B9FFD1B0-1301-4A5E-ABBA-4D5628BB7A31}.Debug|Any CPU.ActiveCfg = Debug|Any CPU
		{B9FFD1B0-1301-4A5E-ABBA-4D5628BB7A31}.Debug|Any CPU.Build.0 = Debug|Any CPU
		{B9FFD1B0-1301-4A5E-ABBA-4D5628BB7A31}.Release|Any CPU.ActiveCfg = Release|Any CPU
		{B9FFD1B0-1301-4A5E-ABBA-4D5628BB7A31}.Release|Any CPU.Build.0 = Release|Any CPU
	EndGlobalSection
	GlobalSection(SolutionProperties) = preSolution
		HideSolutionNode = FALSE
	EndGlobalSection
	GlobalSection(ExtensibilityGlobals) = postSolution
		SolutionGuid = {256A1684-2450-46A2-9EE4-E98D8F40A5CB}
	EndGlobalSection
EndGlobal
