
Microsoft Visual Studio Solution File, Format Version 12.00
# Visual Studio 15
VisualStudioVersion = 15.0.27428.2027
MinimumVisualStudioVersion = 10.0.40219.1
Project("{FAE04EC0-301F-11D3-BF4B-00C04F79EFBC}") = "EmployeeMenagement", "EmployeeMenagement\EmployeeMenagement.csproj", "{7040780F-38BF-471C-9B15-CA4FF8961147}"
EndProject
Project("{2150E333-8FDC-42A3-9474-1A3956D46DE8}") = "Solution Items", "Solution Items", "{9969F18F-13D1-41DA-8DD0-D5FD5A7FE002}"
	ProjectSection(SolutionItems) = preProject
		C:\Users\User\Desktop\Test\Model\People.cs = C:\Users\User\Desktop\Test\Model\People.cs
	EndProjectSection
EndProject
Global
	GlobalSection(SolutionConfigurationPlatforms) = preSolution
		Debug|Any CPU = Debug|Any CPU
		Release|Any CPU = Release|Any CPU
	EndGlobalSection
	GlobalSection(ProjectConfigurationPlatforms) = postSolution
		{7040780F-38BF-471C-9B15-CA4FF8961147}.Debug|Any CPU.ActiveCfg = Debug|Any CPU
		{7040780F-38BF-471C-9B15-CA4FF8961147}.Debug|Any CPU.Build.0 = Debug|Any CPU
		{7040780F-38BF-471C-9B15-CA4FF8961147}.Release|Any CPU.ActiveCfg = Release|Any CPU
		{7040780F-38BF-471C-9B15-CA4FF8961147}.Release|Any CPU.Build.0 = Release|Any CPU
	EndGlobalSection
	GlobalSection(SolutionProperties) = preSolution
		HideSolutionNode = FALSE
	EndGlobalSection
	GlobalSection(ExtensibilityGlobals) = postSolution
		SolutionGuid = {F757DF7F-C6BA-476B-906B-B930C842ABEF}
	EndGlobalSection
EndGlobal
