
Microsoft Visual Studio Solution File, Format Version 12.00
# Visual Studio 15
VisualStudioVersion = 15.0.27428.2027
MinimumVisualStudioVersion = 10.0.40219.1
Project("{FAE04EC0-301F-11D3-BF4B-00C04F79EFBC}") = "SocketTCPServer_0417", "SocketTCPServer_0417\SocketTCPServer_0417.csproj", "{C6DDC7EF-6BA3-4A00-83F0-0BB6D347C7A9}"
EndProject
Global
	GlobalSection(SolutionConfigurationPlatforms) = preSolution
		Debug|Any CPU = Debug|Any CPU
		Release|Any CPU = Release|Any CPU
	EndGlobalSection
	GlobalSection(ProjectConfigurationPlatforms) = postSolution
		{C6DDC7EF-6BA3-4A00-83F0-0BB6D347C7A9}.Debug|Any CPU.ActiveCfg = Debug|Any CPU
		{C6DDC7EF-6BA3-4A00-83F0-0BB6D347C7A9}.Debug|Any CPU.Build.0 = Debug|Any CPU
		{C6DDC7EF-6BA3-4A00-83F0-0BB6D347C7A9}.Release|Any CPU.ActiveCfg = Release|Any CPU
		{C6DDC7EF-6BA3-4A00-83F0-0BB6D347C7A9}.Release|Any CPU.Build.0 = Release|Any CPU
	EndGlobalSection
	GlobalSection(SolutionProperties) = preSolution
		HideSolutionNode = FALSE
	EndGlobalSection
	GlobalSection(ExtensibilityGlobals) = postSolution
		SolutionGuid = {F54BA10F-DBCE-48CB-B734-29A1B37B3521}
	EndGlobalSection
EndGlobal
