
Microsoft Visual Studio Solution File, Format Version 12.00
# Visual Studio 15
VisualStudioVersion = 15.0.27428.2027
MinimumVisualStudioVersion = 10.0.40219.1
Project("{8BC9CEB8-8B4A-11D0-8D11-00A0C91BC942}") = "0406_Test", "0406_Test\0406_Test.vcxproj", "{E2E9D7F2-2BB3-429A-8B3F-246D9A5CECBD}"
EndProject
Global
	GlobalSection(SolutionConfigurationPlatforms) = preSolution
		Debug|x64 = Debug|x64
		Debug|x86 = Debug|x86
		Release|x64 = Release|x64
		Release|x86 = Release|x86
	EndGlobalSection
	GlobalSection(ProjectConfigurationPlatforms) = postSolution
		{E2E9D7F2-2BB3-429A-8B3F-246D9A5CECBD}.Debug|x64.ActiveCfg = Debug|x64
		{E2E9D7F2-2BB3-429A-8B3F-246D9A5CECBD}.Debug|x64.Build.0 = Debug|x64
		{E2E9D7F2-2BB3-429A-8B3F-246D9A5CECBD}.Debug|x86.ActiveCfg = Debug|Win32
		{E2E9D7F2-2BB3-429A-8B3F-246D9A5CECBD}.Debug|x86.Build.0 = Debug|Win32
		{E2E9D7F2-2BB3-429A-8B3F-246D9A5CECBD}.Release|x64.ActiveCfg = Release|x64
		{E2E9D7F2-2BB3-429A-8B3F-246D9A5CECBD}.Release|x64.Build.0 = Release|x64
		{E2E9D7F2-2BB3-429A-8B3F-246D9A5CECBD}.Release|x86.ActiveCfg = Release|Win32
		{E2E9D7F2-2BB3-429A-8B3F-246D9A5CECBD}.Release|x86.Build.0 = Release|Win32
	EndGlobalSection
	GlobalSection(SolutionProperties) = preSolution
		HideSolutionNode = FALSE
	EndGlobalSection
	GlobalSection(ExtensibilityGlobals) = postSolution
		SolutionGuid = {343CC062-98AF-41D2-B532-6565E54ED796}
	EndGlobalSection
EndGlobal
